
Microsoft Visual Studio Solution File, Format Version 12.00
# Visual Studio Version 16
VisualStudioVersion = 16.0.30503.244
MinimumVisualStudioVersion = 10.0.40219.1
Project("{FAE04EC0-301F-11D3-BF4B-00C04F79EFBC}") = "burgerLeaders", "burgerLeaders\burgerLeaders.csproj", "{DAAFF3FF-3B5B-49B1-93F9-CA74C4675625}"
EndProject
Global
	GlobalSection(SolutionConfigurationPlatforms) = preSolution
		Debug|Any CPU = Debug|Any CPU
		Release|Any CPU = Release|Any CPU
	EndGlobalSection
	GlobalSection(ProjectConfigurationPlatforms) = postSolution
		{DAAFF3FF-3B5B-49B1-93F9-CA74C4675625}.Debug|Any CPU.ActiveCfg = Debug|Any CPU
		{DAAFF3FF-3B5B-49B1-93F9-CA74C4675625}.Debug|Any CPU.Build.0 = Debug|Any CPU
		{DAAFF3FF-3B5B-49B1-93F9-CA74C4675625}.Release|Any CPU.ActiveCfg = Release|Any CPU
		{DAAFF3FF-3B5B-49B1-93F9-CA74C4675625}.Release|Any CPU.Build.0 = Release|Any CPU
	EndGlobalSection
	GlobalSection(SolutionProperties) = preSolution
		HideSolutionNode = FALSE
	EndGlobalSection
	GlobalSection(ExtensibilityGlobals) = postSolution
		SolutionGuid = {1D94519A-D439-4917-B1C2-637880057924}
	EndGlobalSection
EndGlobal
